{
    "_readme": [
        "This file locks the dependencies of your project to a known state",
        "Read more about it at https://getcomposer.org/doc/01-basic-usage.md#composer-lock-the-lock-file",
        "This file is @generated automatically"
    ],
    "hash": "b0c14ad606ea393b312929c5767d94df",
    "content-hash": "4d7f44fb94cfd3a19233c7fd98298e7e",
    "packages": [
        {
            "name": "eloquent/composer-config-reader",
            "version": "2.0.2",
            "source": {
                "type": "git",
                "url": "https://github.com/eloquent/composer-config-reader.git",
                "reference": "873dfd6d2b38c14bf1bfd0deb0f54ac7e11d1a14"
            },
            "dist": {
                "type": "zip",
                "url": "https://api.github.com/repos/eloquent/composer-config-reader/zipball/873dfd6d2b38c14bf1bfd0deb0f54ac7e11d1a14",
                "reference": "873dfd6d2b38c14bf1bfd0deb0f54ac7e11d1a14",
                "shasum": ""
            },
            "require": {
                "eloquent/enumeration": "^5",
                "justinrainbow/json-schema": "^4",
                "php": ">=5.3"
            },
            "require-dev": {
                "eloquent/liberator": "^2",
                "eloquent/phony": "0.14.4",
                "phpunit/phpunit": "^4"
            },
            "type": "library",
            "autoload": {
                "psr-4": {
                    "Eloquent\\Composer\\Configuration\\": "src"
                }
            },
            "notification-url": "https://packagist.org/downloads/",
            "license": [
                "MIT"
            ],
            "authors": [
                {
                    "name": "Erin Millard",
                    "email": "ezzatron@gmail.com",
                    "homepage": "http://ezzatron.com/"
                }
            ],
            "description": "A light-weight component for reading Composer configuration files.",
            "homepage": "https://github.com/eloquent/composer-config-reader",
            "keywords": [
                "composer",
                "configuration",
                "parser",
                "reader"
            ],
            "time": "2016-12-20 03:37:03"
        },
        {
            "name": "eloquent/enumeration",
            "version": "5.1.1",
            "source": {
                "type": "git",
                "url": "https://github.com/eloquent/enumeration.git",
                "reference": "0242859435d9b135939816858348556d3cde9e3c"
            },
            "dist": {
                "type": "zip",
                "url": "https://api.github.com/repos/eloquent/enumeration/zipball/0242859435d9b135939816858348556d3cde9e3c",
                "reference": "0242859435d9b135939816858348556d3cde9e3c",
                "shasum": ""
            },
            "require": {
                "php": ">=5.3"
            },
            "require-dev": {
                "icecave/archer": "dev-develop",
                "phpunit/phpunit": "^4",
                "sami/sami": "^3"
            },
            "type": "library",
            "autoload": {
                "psr-4": {
                    "Eloquent\\Enumeration\\": "src"
                }
            },
            "notification-url": "https://packagist.org/downloads/",
            "license": [
                "MIT"
            ],
            "authors": [
                {
                    "name": "Erin Millard",
                    "email": "ezzatron@gmail.com",
                    "homepage": "http://ezzatron.com/"
                }
            ],
            "description": "An enumeration implementation for PHP.",
            "homepage": "https://github.com/eloquent/enumeration",
            "keywords": [
                "class",
                "enum",
                "enumeration",
                "multiton",
                "set",
                "type"
            ],
            "time": "2015-11-03 22:21:38"
        },
        {
            "name": "justinrainbow/json-schema",
            "version": "4.1.0",
            "source": {
                "type": "git",
                "url": "https://github.com/justinrainbow/json-schema.git",
                "reference": "d39c56a46b3ebe1f3696479966cd2b9f50aaa24f"
            },
            "dist": {
                "type": "zip",
                "url": "https://api.github.com/repos/justinrainbow/json-schema/zipball/d39c56a46b3ebe1f3696479966cd2b9f50aaa24f",
                "reference": "d39c56a46b3ebe1f3696479966cd2b9f50aaa24f",
                "shasum": ""
            },
            "require": {
                "php": ">=5.3.3"
            },
            "require-dev": {
                "json-schema/json-schema-test-suite": "1.2.0",
                "phpdocumentor/phpdocumentor": "~2",
                "phpunit/phpunit": "^4.8.22"
            },
            "bin": [
                "bin/validate-json"
            ],
            "type": "library",
            "extra": {
                "branch-alias": {
                    "dev-master": "4.0.x-dev"
                }
            },
            "autoload": {
                "psr-4": {
                    "JsonSchema\\": "src/JsonSchema/"
                }
            },
            "notification-url": "https://packagist.org/downloads/",
            "license": [
                "MIT"
            ],
            "authors": [
                {
                    "name": "Bruno Prieto Reis",
                    "email": "bruno.p.reis@gmail.com"
                },
                {
                    "name": "Justin Rainbow",
                    "email": "justin.rainbow@gmail.com"
                },
                {
                    "name": "Igor Wiedler",
                    "email": "igor@wiedler.ch"
                },
                {
                    "name": "Robert Schönthal",
                    "email": "seroscho@googlemail.com"
                }
            ],
            "description": "A library to validate a json schema.",
            "homepage": "https://github.com/justinrainbow/json-schema",
            "keywords": [
                "json",
                "schema"
            ],
            "time": "2016-12-22 16:43:46"
        },
        {
            "name": "magento-hackathon/magento-composer-installer",
            "version": "3.0.6",
            "source": {
                "type": "git",
                "url": "https://github.com/Cotya/magento-composer-installer.git",
                "reference": "0bb00f1d17f73107c1927d31d3280750b93ae652"
            },
            "dist": {
                "type": "zip",
                "url": "https://api.github.com/repos/Cotya/magento-composer-installer/zipball/0bb00f1d17f73107c1927d31d3280750b93ae652",
                "reference": "0bb00f1d17f73107c1927d31d3280750b93ae652",
                "shasum": ""
            },
            "require": {
                "composer-plugin-api": "~1.0",
                "eloquent/composer-config-reader": "2.*",
                "php": ">=5.4",
                "symfony/console": "~2.5"
            },
            "require-dev": {
                "composer/composer": "1.0.*@dev",
                "cotya/composer-test-framework": "dev-master",
                "mikey179/vfsstream": "~1.4",
                "phpunit/phpunit": "~4.3",
                "phpunit/phpunit-mock-objects": "~2.3",
                "squizlabs/php_codesniffer": "~2.1",
                "symfony/process": "~2.5"
            },
            "suggest": {
                "colinmollenhour/modman": "*",
                "theseer/autoload": "~1.14"
            },
            "bin": [
                "bin/magento-composer-installer.php"
            ],
            "type": "composer-plugin",
            "extra": {
                "class": "MagentoHackathon\\Composer\\Magento\\Plugin"
            },
            "autoload": {
                "psr-0": {
                    "MagentoHackathon\\Composer": "src/"
                }
            },
            "notification-url": "https://packagist.org/downloads/",
            "license": [
                "OSL-3.0"
            ],
            "authors": [
                {
                    "name": "Vinai Kopp",
                    "email": "vinai@netzarbeiter.com"
                },
                {
                    "name": "Daniel Fahlke aka Flyingmana",
                    "email": "flyingmana@googlemail.com"
                },
                {
                    "name": "Jörg Weller",
                    "email": "weller@flagbit.de"
                },
                {
                    "name": "Karl Spies",
                    "email": "karl.spies@gmx.net"
                },
                {
                    "name": "Tobias Vogt",
                    "email": "tobi@webguys.de"
                },
                {
                    "name": "David Fuhr",
                    "email": "fuhr@flagbit.de"
                }
            ],
            "description": "Composer installer for Magento modules",
            "homepage": "https://github.com/magento-hackathon/magento-composer-installer",
            "keywords": [
                "composer-installer",
                "magento"
            ],
            "time": "2015-10-21 21:00:24"
        },
        {
            "name": "psr/log",
            "version": "1.0.2",
            "source": {
                "type": "git",
                "url": "https://github.com/php-fig/log.git",
                "reference": "4ebe3a8bf773a19edfe0a84b6585ba3d401b724d"
            },
            "dist": {
                "type": "zip",
                "url": "https://api.github.com/repos/php-fig/log/zipball/4ebe3a8bf773a19edfe0a84b6585ba3d401b724d",
                "reference": "4ebe3a8bf773a19edfe0a84b6585ba3d401b724d",
                "shasum": ""
            },
            "require": {
                "php": ">=5.3.0"
            },
            "type": "library",
            "extra": {
                "branch-alias": {
                    "dev-master": "1.0.x-dev"
                }
            },
            "autoload": {
                "psr-4": {
                    "Psr\\Log\\": "Psr/Log/"
                }
            },
            "notification-url": "https://packagist.org/downloads/",
            "license": [
                "MIT"
            ],
            "authors": [
                {
                    "name": "PHP-FIG",
                    "homepage": "http://www.php-fig.org/"
                }
            ],
            "description": "Common interface for logging libraries",
            "homepage": "https://github.com/php-fig/log",
            "keywords": [
                "log",
                "psr",
                "psr-3"
            ],
            "time": "2016-10-10 12:19:37"
        },
        {
            "name": "symfony/console",
            "version": "v2.8.15",
            "source": {
                "type": "git",
                "url": "https://github.com/symfony/console.git",
                "reference": "d5643cd095e5e37d31e004bb2606b5dd7e96602f"
            },
            "dist": {
                "type": "zip",
                "url": "https://api.github.com/repos/symfony/console/zipball/d5643cd095e5e37d31e004bb2606b5dd7e96602f",
                "reference": "d5643cd095e5e37d31e004bb2606b5dd7e96602f",
                "shasum": ""
            },
            "require": {
                "php": ">=5.3.9",
                "symfony/debug": "~2.7,>=2.7.2|~3.0.0",
                "symfony/polyfill-mbstring": "~1.0"
            },
            "require-dev": {
                "psr/log": "~1.0",
                "symfony/event-dispatcher": "~2.1|~3.0.0",
                "symfony/process": "~2.1|~3.0.0"
            },
            "suggest": {
                "psr/log": "For using the console logger",
                "symfony/event-dispatcher": "",
                "symfony/process": ""
            },
            "type": "library",
            "extra": {
                "branch-alias": {
                    "dev-master": "2.8-dev"
                }
            },
            "autoload": {
                "psr-4": {
                    "Symfony\\Component\\Console\\": ""
                },
                "exclude-from-classmap": [
                    "/Tests/"
                ]
            },
            "notification-url": "https://packagist.org/downloads/",
            "license": [
                "MIT"
            ],
            "authors": [
                {
                    "name": "Fabien Potencier",
                    "email": "fabien@symfony.com"
                },
                {
                    "name": "Symfony Community",
                    "homepage": "https://symfony.com/contributors"
                }
            ],
            "description": "Symfony Console Component",
            "homepage": "https://symfony.com",
            "time": "2016-12-06 11:59:35"
        },
        {
            "name": "symfony/debug",
            "version": "v2.8.15",
            "source": {
                "type": "git",
                "url": "https://github.com/symfony/debug.git",
                "reference": "62a68f640456f6761d752c62d81631428ef0d8a1"
            },
            "dist": {
                "type": "zip",
                "url": "https://api.github.com/repos/symfony/debug/zipball/62a68f640456f6761d752c62d81631428ef0d8a1",
                "reference": "62a68f640456f6761d752c62d81631428ef0d8a1",
                "shasum": ""
            },
            "require": {
                "php": ">=5.3.9",
                "psr/log": "~1.0"
            },
            "conflict": {
                "symfony/http-kernel": ">=2.3,<2.3.24|~2.4.0|>=2.5,<2.5.9|>=2.6,<2.6.2"
            },
            "require-dev": {
                "symfony/class-loader": "~2.2|~3.0.0",
                "symfony/http-kernel": "~2.3.24|~2.5.9|~2.6,>=2.6.2|~3.0.0"
            },
            "type": "library",
            "extra": {
                "branch-alias": {
                    "dev-master": "2.8-dev"
                }
            },
            "autoload": {
                "psr-4": {
                    "Symfony\\Component\\Debug\\": ""
                },
                "exclude-from-classmap": [
                    "/Tests/"
                ]
            },
            "notification-url": "https://packagist.org/downloads/",
            "license": [
                "MIT"
            ],
            "authors": [
                {
                    "name": "Fabien Potencier",
                    "email": "fabien@symfony.com"
                },
                {
                    "name": "Symfony Community",
                    "homepage": "https://symfony.com/contributors"
                }
            ],
            "description": "Symfony Debug Component",
            "homepage": "https://symfony.com",
            "time": "2016-11-15 12:53:17"
        },
        {
            "name": "symfony/polyfill-mbstring",
            "version": "v1.3.0",
            "source": {
                "type": "git",
                "url": "https://github.com/symfony/polyfill-mbstring.git",
                "reference": "e79d363049d1c2128f133a2667e4f4190904f7f4"
            },
            "dist": {
                "type": "zip",
                "url": "https://api.github.com/repos/symfony/polyfill-mbstring/zipball/e79d363049d1c2128f133a2667e4f4190904f7f4",
                "reference": "e79d363049d1c2128f133a2667e4f4190904f7f4",
                "shasum": ""
            },
            "require": {
                "php": ">=5.3.3"
            },
            "suggest": {
                "ext-mbstring": "For best performance"
            },
            "type": "library",
            "extra": {
                "branch-alias": {
                    "dev-master": "1.3-dev"
                }
            },
            "autoload": {
                "psr-4": {
                    "Symfony\\Polyfill\\Mbstring\\": ""
                },
                "files": [
                    "bootstrap.php"
                ]
            },
            "notification-url": "https://packagist.org/downloads/",
            "license": [
                "MIT"
            ],
            "authors": [
                {
                    "name": "Nicolas Grekas",
                    "email": "p@tchwork.com"
                },
                {
                    "name": "Symfony Community",
                    "homepage": "https://symfony.com/contributors"
                }
            ],
            "description": "Symfony polyfill for the Mbstring extension",
            "homepage": "https://symfony.com",
            "keywords": [
                "compatibility",
                "mbstring",
                "polyfill",
                "portable",
                "shim"
            ],
            "time": "2016-11-14 01:06:16"
        }
    ],
    "packages-dev": [],
    "aliases": [],
    "minimum-stability": "stable",
    "stability-flags": [],
    "prefer-stable": false,
    "prefer-lowest": false,
    "platform": [],
    "platform-dev": []
}
